{
  "name": "mbtamiddle",
  "version": "1.0.0",
  "lockfileVersion": 3,
  "requires": true,
  "packages": {
    "": {
      "name": "mbtamiddle",
      "version": "1.0.0",
      "license": "ISC",
      "dependencies": {
        "@hono/node-server": "^1.19.1",
        "dotenv": "^17.2.1",
        "hono": "^4.9.2"
      },
      "devDependencies": {},
      "peerDependencies": {
        "typescript": "^5.0.0"
      }
    },
    "node_modules/@hono/node-server": {
      "version": "1.19.1",
      "resolved": "https://registry.npmjs.org/@hono/node-server/-/node-server-1.19.1.tgz",
      "integrity": "sha512-h44e5s+ByUriaRIbeS/C74O8v90m0A95luyYQGMF7KEn96KkYMXO7bZAwombzTpjQTU4e0TkU8U1WBIXlwuwtA==",
      "license": "MIT",
      "engines": {
        "node": ">=18.14.1"
      },
      "peerDependencies": {
        "hono": "^4"
      }
    },
    "node_modules/dotenv": {
      "version": "17.2.1",
      "license": "BSD-2-Clause",
      "engines": {
        "node": ">=12"
      },
      "funding": {
        "url": "https://dotenvx.com"
      }
    },
    "node_modules/hono": {
      "version": "4.9.2",
      "license": "MIT",
      "engines": {
        "node": ">=16.9.0"
      }
    },
    "node_modules/typescript": {
      "version": "5.9.2",
      "license": "Apache-2.0",
      "peer": true,
      "bin": {
        "tsc": "bin/tsc",
        "tsserver": "bin/tsserver"
      },
      "engines": {
        "node": ">=14.17"
      }
    }
  }
}
